// !$*UTF8*$!
{
	archiveVersion = 1;
	classes = {
	};
	objectVersion = 50;
	objects = {

/* Begin PBXBuildFile section */
		8B1A86882146701100ED1896 /* UIImage+ColorfulWood.m in Sources */ = {isa = PBXBuildFile; fileRef = 8B1A86872146701100ED1896 /* UIImage+ColorfulWood.m */; };
		8B1C741E21D0C6560042E493 /* ColorfulWoodImageBrowser.m in Sources */ = {isa = PBXBuildFile; fileRef = 8B1C741D21D0C6560042E493 /* ColorfulWoodImageBrowser.m */; };
		8B1C742121D0CB830042E493 /* CWCellImageBrowser.m in Sources */ = {isa = PBXBuildFile; fileRef = 8B1C742021D0CB830042E493 /* CWCellImageBrowser.m */; };
		8B4C327020C7DDE4008B315D /* AppDelegate.m in Sources */ = {isa = PBXBuildFile; fileRef = 8B4C326F20C7DDE4008B315D /* AppDelegate.m */; };
		8B4C327320C7DDE4008B315D /* ViewController.m in Sources */ = {isa = PBXBuildFile; fileRef = 8B4C327220C7DDE4008B315D /* ViewController.m */; };
		8B4C327620C7DDE4008B315D /* Main.storyboard in Resources */ = {isa = PBXBuildFile; fileRef = 8B4C327420C7DDE4008B315D /* Main.storyboard */; };
		8B4C327820C7DDE7008B315D /* Assets.xcassets in Resources */ = {isa = PBXBuildFile; fileRef = 8B4C327720C7DDE7008B315D /* Assets.xcassets */; };
		8B4C327B20C7DDE7008B315D /* LaunchScreen.storyboard in Resources */ = {isa = PBXBuildFile; fileRef = 8B4C327920C7DDE7008B315D /* LaunchScreen.storyboard */; };
		8B4C327E20C7DDE7008B315D /* main.m in Sources */ = {isa = PBXBuildFile; fileRef = 8B4C327D20C7DDE7008B315D /* main.m */; };
		8B4C329320C7DE4C008B315D /* ColorfulWoodMultiDelegate.m in Sources */ = {isa = PBXBuildFile; fileRef = 8B4C328720C7DE3F008B315D /* ColorfulWoodMultiDelegate.m */; };
		8B4C329420C7DE4C008B315D /* ColorfulWoodSelectPhoto.m in Sources */ = {isa = PBXBuildFile; fileRef = 8B4C328A20C7DE3F008B315D /* ColorfulWoodSelectPhoto.m */; };
		8B4C329520C7DE4C008B315D /* ColorfulWoodCheckArray.m in Sources */ = {isa = PBXBuildFile; fileRef = 8B4C328F20C7DE3F008B315D /* ColorfulWoodCheckArray.m */; };
		8B4C329620C7DE4C008B315D /* ColorfulWoodAlert.m in Sources */ = {isa = PBXBuildFile; fileRef = 8B4C329120C7DE3F008B315D /* ColorfulWoodAlert.m */; };
		8B4F778A212E463600836B74 /* ColorfulWoodPhoneCall.m in Sources */ = {isa = PBXBuildFile; fileRef = 8B4F7789212E463600836B74 /* ColorfulWoodPhoneCall.m */; };
		8B4F778C212E4B0A00836B74 /* ColorfulWoodTools.podspec in Resources */ = {isa = PBXBuildFile; fileRef = 8B4F778B212E4B0A00836B74 /* ColorfulWoodTools.podspec */; };
		DF26F294182A17D3C0CD4342 /* libPods-ColorfulWoodTools.a in Frameworks */ = {isa = PBXBuildFile; fileRef = 7384413E09759A78182DE4CF /* libPods-ColorfulWoodTools.a */; };
/* End PBXBuildFile section */

/* Begin PBXFileReference section */
		122ED877DD7685B15F31BE01 /* Pods-ColorfulWoodTools.debug.xcconfig */ = {isa = PBXFileReference; includeInIndex = 1; lastKnownFileType = text.xcconfig; name = "Pods-ColorfulWoodTools.debug.xcconfig"; path = "Pods/Target Support Files/Pods-ColorfulWoodTools/Pods-ColorfulWoodTools.debug.xcconfig"; sourceTree = "<group>"; };
		7384413E09759A78182DE4CF /* libPods-ColorfulWoodTools.a */ = {isa = PBXFileReference; explicitFileType = archive.ar; includeInIndex = 0; path = "libPods-ColorfulWoodTools.a"; sourceTree = BUILT_PRODUCTS_DIR; };
		8B1A86862146701100ED1896 /* UIImage+ColorfulWood.h */ = {isa = PBXFileReference; lastKnownFileType = sourcecode.c.h; path = "UIImage+ColorfulWood.h"; sourceTree = "<group>"; };
		8B1A86872146701100ED1896 /* UIImage+ColorfulWood.m */ = {isa = PBXFileReference; lastKnownFileType = sourcecode.c.objc; path = "UIImage+ColorfulWood.m"; sourceTree = "<group>"; };
		8B1C741C21D0C6560042E493 /* ColorfulWoodImageBrowser.h */ = {isa = PBXFileReference; lastKnownFileType = sourcecode.c.h; path = ColorfulWoodImageBrowser.h; sourceTree = "<group>"; };
		8B1C741D21D0C6560042E493 /* ColorfulWoodImageBrowser.m */ = {isa = PBXFileReference; lastKnownFileType = sourcecode.c.objc; path = ColorfulWoodImageBrowser.m; sourceTree = "<group>"; };
		8B1C741F21D0CB830042E493 /* CWCellImageBrowser.h */ = {isa = PBXFileReference; lastKnownFileType = sourcecode.c.h; path = CWCellImageBrowser.h; sourceTree = "<group>"; };
		8B1C742021D0CB830042E493 /* CWCellImageBrowser.m */ = {isa = PBXFileReference; lastKnownFileType = sourcecode.c.objc; path = CWCellImageBrowser.m; sourceTree = "<group>"; };
		8B4C326B20C7DDE4008B315D /* ColorfulWoodTools.app */ = {isa = PBXFileReference; explicitFileType = wrapper.application; includeInIndex = 0; path = ColorfulWoodTools.app; sourceTree = BUILT_PRODUCTS_DIR; };
		8B4C326E20C7DDE4008B315D /* AppDelegate.h */ = {isa = PBXFileReference; lastKnownFileType = sourcecode.c.h; path = AppDelegate.h; sourceTree = "<group>"; };
		8B4C326F20C7DDE4008B315D /* AppDelegate.m */ = {isa = PBXFileReference; lastKnownFileType = sourcecode.c.objc; path = AppDelegate.m; sourceTree = "<group>"; };
		8B4C327120C7DDE4008B315D /* ViewController.h */ = {isa = PBXFileReference; lastKnownFileType = sourcecode.c.h; path = ViewController.h; sourceTree = "<group>"; };
		8B4C327220C7DDE4008B315D /* ViewController.m */ = {isa = PBXFileReference; lastKnownFileType = sourcecode.c.objc; path = ViewController.m; sourceTree = "<group>"; };
		8B4C327520C7DDE4008B315D /* Base */ = {isa = PBXFileReference; lastKnownFileType = file.storyboard; name = Base; path = Base.lproj/Main.storyboard; sourceTree = "<group>"; };
		8B4C327720C7DDE7008B315D /* Assets.xcassets */ = {isa = PBXFileReference; lastKnownFileType = folder.assetcatalog; path = Assets.xcassets; sourceTree = "<group>"; };
		8B4C327A20C7DDE7008B315D /* Base */ = {isa = PBXFileReference; lastKnownFileType = file.storyboard; name = Base; path = Base.lproj/LaunchScreen.storyboard; sourceTree = "<group>"; };
		8B4C327C20C7DDE7008B315D /* Info.plist */ = {isa = PBXFileReference; lastKnownFileType = text.plist.xml; path = Info.plist; sourceTree = "<group>"; };
		8B4C327D20C7DDE7008B315D /* main.m */ = {isa = PBXFileReference; lastKnownFileType = sourcecode.c.objc; path = main.m; sourceTree = "<group>"; };
		8B4C328620C7DE3F008B315D /* ColorfulWoodMultiDelegate.h */ = {isa = PBXFileReference; fileEncoding = 4; lastKnownFileType = sourcecode.c.h; path = ColorfulWoodMultiDelegate.h; sourceTree = "<group>"; };
		8B4C328720C7DE3F008B315D /* ColorfulWoodMultiDelegate.m */ = {isa = PBXFileReference; fileEncoding = 4; lastKnownFileType = sourcecode.c.objc; path = ColorfulWoodMultiDelegate.m; sourceTree = "<group>"; };
		8B4C328920C7DE3F008B315D /* ColorfulWoodSelectPhoto.h */ = {isa = PBXFileReference; fileEncoding = 4; lastKnownFileType = sourcecode.c.h; path = ColorfulWoodSelectPhoto.h; sourceTree = "<group>"; };
		8B4C328A20C7DE3F008B315D /* ColorfulWoodSelectPhoto.m */ = {isa = PBXFileReference; fileEncoding = 4; lastKnownFileType = sourcecode.c.objc; path = ColorfulWoodSelectPhoto.m; sourceTree = "<group>"; };
		8B4C328B20C7DE3F008B315D /* ColorfullWoodToolDefine.h */ = {isa = PBXFileReference; fileEncoding = 4; lastKnownFileType = sourcecode.c.h; path = ColorfullWoodToolDefine.h; sourceTree = "<group>"; };
		8B4C328C20C7DE3F008B315D /* ColorfulWoodTools.h */ = {isa = PBXFileReference; fileEncoding = 4; lastKnownFileType = sourcecode.c.h; path = ColorfulWoodTools.h; sourceTree = "<group>"; };
		8B4C328E20C7DE3F008B315D /* ColorfulWoodCheckArray.h */ = {isa = PBXFileReference; fileEncoding = 4; lastKnownFileType = sourcecode.c.h; path = ColorfulWoodCheckArray.h; sourceTree = "<group>"; };
		8B4C328F20C7DE3F008B315D /* ColorfulWoodCheckArray.m */ = {isa = PBXFileReference; fileEncoding = 4; lastKnownFileType = sourcecode.c.objc; path = ColorfulWoodCheckArray.m; sourceTree = "<group>"; };
		8B4C329120C7DE3F008B315D /* ColorfulWoodAlert.m */ = {isa = PBXFileReference; fileEncoding = 4; lastKnownFileType = sourcecode.c.objc; path = ColorfulWoodAlert.m; sourceTree = "<group>"; };
		8B4C329220C7DE3F008B315D /* ColorfulWoodAlert.h */ = {isa = PBXFileReference; fileEncoding = 4; lastKnownFileType = sourcecode.c.h; path = ColorfulWoodAlert.h; sourceTree = "<group>"; };
		8B4F7788212E463600836B74 /* ColorfulWoodPhoneCall.h */ = {isa = PBXFileReference; lastKnownFileType = sourcecode.c.h; path = ColorfulWoodPhoneCall.h; sourceTree = "<group>"; };
		8B4F7789212E463600836B74 /* ColorfulWoodPhoneCall.m */ = {isa = PBXFileReference; lastKnownFileType = sourcecode.c.objc; path = ColorfulWoodPhoneCall.m; sourceTree = "<group>"; };
		8B4F778B212E4B0A00836B74 /* ColorfulWoodTools.podspec */ = {isa = PBXFileReference; fileEncoding = 4; lastKnownFileType = text; name = ColorfulWoodTools.podspec; path = ../../ColorfulWoodTools.podspec; sourceTree = "<group>"; };
		CC853D718B1160DE83C15410 /* Pods-ColorfulWoodTools.release.xcconfig */ = {isa = PBXFileReference; includeInIndex = 1; lastKnownFileType = text.xcconfig; name = "Pods-ColorfulWoodTools.release.xcconfig"; path = "Pods/Target Support Files/Pods-ColorfulWoodTools/Pods-ColorfulWoodTools.release.xcconfig"; sourceTree = "<group>"; };
/* End PBXFileReference section */

/* Begin PBXFrameworksBuildPhase section */
		8B4C326820C7DDE4008B315D /* Frameworks */ = {
			isa = PBXFrameworksBuildPhase;
			buildActionMask = 2147483647;
			files = (
				DF26F294182A17D3C0CD4342 /* libPods-ColorfulWoodTools.a in Frameworks */,
			);
			runOnlyForDeploymentPostprocessing = 0;
		};
/* End PBXFrameworksBuildPhase section */

/* Begin PBXGroup section */
		3C2AF6226F85ACCD3BBFCE89 /* Frameworks */ = {
			isa = PBXGroup;
			children = (
				7384413E09759A78182DE4CF /* libPods-ColorfulWoodTools.a */,
			);
			name = Frameworks;
			sourceTree = "<group>";
		};
		8B1A868521466F5200ED1896 /* ColorfulWoodImage */ = {
			isa = PBXGroup;
			children = (
				8B1A86862146701100ED1896 /* UIImage+ColorfulWood.h */,
				8B1A86872146701100ED1896 /* UIImage+ColorfulWood.m */,
			);
			path = ColorfulWoodImage;
			sourceTree = "<group>";
		};
		8B1C741921D0C5A00042E493 /* ColorfulWoodImageBrowser */ = {
			isa = PBXGroup;
			children = (
				8B1C741B21D0C5FB0042E493 /* View */,
				8B1C741A21D0C5F30042E493 /* Controller */,
			);
			path = ColorfulWoodImageBrowser;
			sourceTree = "<group>";
		};
		8B1C741A21D0C5F30042E493 /* Controller */ = {
			isa = PBXGroup;
			children = (
				8B1C741C21D0C6560042E493 /* ColorfulWoodImageBrowser.h */,
				8B1C741D21D0C6560042E493 /* ColorfulWoodImageBrowser.m */,
			);
			path = Controller;
			sourceTree = "<group>";
		};
		8B1C741B21D0C5FB0042E493 /* View */ = {
			isa = PBXGroup;
			children = (
				8B1C741F21D0CB830042E493 /* CWCellImageBrowser.h */,
				8B1C742021D0CB830042E493 /* CWCellImageBrowser.m */,
			);
			path = View;
			sourceTree = "<group>";
		};
		8B4C326220C7DDE4008B315D = {
			isa = PBXGroup;
			children = (
				8B4C326D20C7DDE4008B315D /* ColorfulWoodTools */,
				8B4C326C20C7DDE4008B315D /* Products */,
				D8D6BBA0EBF6F71A2B2F8D37 /* Pods */,
				3C2AF6226F85ACCD3BBFCE89 /* Frameworks */,
			);
			sourceTree = "<group>";
		};
		8B4C326C20C7DDE4008B315D /* Products */ = {
			isa = PBXGroup;
			children = (
				8B4C326B20C7DDE4008B315D /* ColorfulWoodTools.app */,
			);
			name = Products;
			sourceTree = "<group>";
		};
		8B4C326D20C7DDE4008B315D /* ColorfulWoodTools */ = {
			isa = PBXGroup;
			children = (
				8B4F778B212E4B0A00836B74 /* ColorfulWoodTools.podspec */,
				8B4C328420C7DE3F008B315D /* CocoapodFiles */,
				8B4C326E20C7DDE4008B315D /* AppDelegate.h */,
				8B4C326F20C7DDE4008B315D /* AppDelegate.m */,
				8B4C327120C7DDE4008B315D /* ViewController.h */,
				8B4C327220C7DDE4008B315D /* ViewController.m */,
				8B4C327420C7DDE4008B315D /* Main.storyboard */,
				8B4C327720C7DDE7008B315D /* Assets.xcassets */,
				8B4C327920C7DDE7008B315D /* LaunchScreen.storyboard */,
				8B4C327C20C7DDE7008B315D /* Info.plist */,
				8B4C327D20C7DDE7008B315D /* main.m */,
			);
			path = ColorfulWoodTools;
			sourceTree = "<group>";
		};
		8B4C328420C7DE3F008B315D /* CocoapodFiles */ = {
			isa = PBXGroup;
			children = (
				8B4C328C20C7DE3F008B315D /* ColorfulWoodTools.h */,
				8B4C328B20C7DE3F008B315D /* ColorfullWoodToolDefine.h */,
				8B4C329720C7DE68008B315D /* ColorfulWoodTools */,
			);
			path = CocoapodFiles;
			sourceTree = "<group>";
		};
		8B4C328520C7DE3F008B315D /* ColorfulWoodMultiDelegate */ = {
			isa = PBXGroup;
			children = (
				8B4C328620C7DE3F008B315D /* ColorfulWoodMultiDelegate.h */,
				8B4C328720C7DE3F008B315D /* ColorfulWoodMultiDelegate.m */,
			);
			path = ColorfulWoodMultiDelegate;
			sourceTree = "<group>";
		};
		8B4C328820C7DE3F008B315D /* ColorfulWoodSelectPhoto */ = {
			isa = PBXGroup;
			children = (
				8B4C328920C7DE3F008B315D /* ColorfulWoodSelectPhoto.h */,
				8B4C328A20C7DE3F008B315D /* ColorfulWoodSelectPhoto.m */,
			);
			path = ColorfulWoodSelectPhoto;
			sourceTree = "<group>";
		};
		8B4C328D20C7DE3F008B315D /* ColorfulWoodCheckArray */ = {
			isa = PBXGroup;
			children = (
				8B4C328E20C7DE3F008B315D /* ColorfulWoodCheckArray.h */,
				8B4C328F20C7DE3F008B315D /* ColorfulWoodCheckArray.m */,
			);
			path = ColorfulWoodCheckArray;
			sourceTree = "<group>";
		};
		8B4C329020C7DE3F008B315D /* ColorfulWoodAlert */ = {
			isa = PBXGroup;
			children = (
				8B4C329220C7DE3F008B315D /* ColorfulWoodAlert.h */,
				8B4C329120C7DE3F008B315D /* ColorfulWoodAlert.m */,
			);
			path = ColorfulWoodAlert;
			sourceTree = "<group>";
		};
		8B4C329720C7DE68008B315D /* ColorfulWoodTools */ = {
			isa = PBXGroup;
			children = (
				8B1C741921D0C5A00042E493 /* ColorfulWoodImageBrowser */,
				8B1A868521466F5200ED1896 /* ColorfulWoodImage */,
				8B4F7787212E45E200836B74 /* ColorfulWoodPhone */,
				8B4C328520C7DE3F008B315D /* ColorfulWoodMultiDelegate */,
				8B4C328820C7DE3F008B315D /* ColorfulWoodSelectPhoto */,
				8B4C328D20C7DE3F008B315D /* ColorfulWoodCheckArray */,
				8B4C329020C7DE3F008B315D /* ColorfulWoodAlert */,
			);
			path = ColorfulWoodTools;
			sourceTree = "<group>";
		};
		8B4F7787212E45E200836B74 /* ColorfulWoodPhone */ = {
			isa = PBXGroup;
			children = (
				8B4F7788212E463600836B74 /* ColorfulWoodPhoneCall.h */,
				8B4F7789212E463600836B74 /* ColorfulWoodPhoneCall.m */,
			);
			path = ColorfulWoodPhone;
			sourceTree = "<group>";
		};
		D8D6BBA0EBF6F71A2B2F8D37 /* Pods */ = {
			isa = PBXGroup;
			children = (
				122ED877DD7685B15F31BE01 /* Pods-ColorfulWoodTools.debug.xcconfig */,
				CC853D718B1160DE83C15410 /* Pods-ColorfulWoodTools.release.xcconfig */,
			);
			name = Pods;
			sourceTree = "<group>";
		};
/* End PBXGroup section */

/* Begin PBXNativeTarget section */
		8B4C326A20C7DDE4008B315D /* ColorfulWoodTools */ = {
			isa = PBXNativeTarget;
			buildConfigurationList = 8B4C328120C7DDE7008B315D /* Build configuration list for PBXNativeTarget "ColorfulWoodTools" */;
			buildPhases = (
				E5BE35E065AFA1DBF078235A /* [CP] Check Pods Manifest.lock */,
				8B4C326720C7DDE4008B315D /* Sources */,
				8B4C326820C7DDE4008B315D /* Frameworks */,
				8B4C326920C7DDE4008B315D /* Resources */,
				14A75D9A17F50C532F8347C3 /* [CP] Copy Pods Resources */,
			);
			buildRules = (
			);
			dependencies = (
			);
			name = ColorfulWoodTools;
			productName = ColorfulWoodTools;
			productReference = 8B4C326B20C7DDE4008B315D /* ColorfulWoodTools.app */;
			productType = "com.apple.product-type.application";
		};
/* End PBXNativeTarget section */

/* Begin PBXProject section */
		8B4C326320C7DDE4008B315D /* Project object */ = {
			isa = PBXProject;
			attributes = {
				LastUpgradeCheck = 0940;
				ORGANIZATIONNAME = ColorfulWood;
				TargetAttributes = {
					8B4C326A20C7DDE4008B315D = {
						CreatedOnToolsVersion = 9.4;
					};
				};
			};
			buildConfigurationList = 8B4C326620C7DDE4008B315D /* Build configuration list for PBXProject "ColorfulWoodTools" */;
			compatibilityVersion = "Xcode 9.3";
			developmentRegion = en;
			hasScannedForEncodings = 0;
			knownRegions = (
				en,
				Base,
			);
			mainGroup = 8B4C326220C7DDE4008B315D;
			productRefGroup = 8B4C326C20C7DDE4008B315D /* Products */;
			projectDirPath = "";
			projectRoot = "";
			targets = (
				8B4C326A20C7DDE4008B315D /* ColorfulWoodTools */,
			);
		};
/* End PBXProject section */

/* Begin PBXResourcesBuildPhase section */
		8B4C326920C7DDE4008B315D /* Resources */ = {
			isa = PBXResourcesBuildPhase;
			buildActionMask = 2147483647;
			files = (
				8B4C327B20C7DDE7008B315D /* LaunchScreen.storyboard in Resources */,
				8B4F778C212E4B0A00836B74 /* ColorfulWoodTools.podspec in Resources */,
				8B4C327820C7DDE7008B315D /* Assets.xcassets in Resources */,
				8B4C327620C7DDE4008B315D /* Main.storyboard in Resources */,
			);
			runOnlyForDeploymentPostprocessing = 0;
		};
/* End PBXResourcesBuildPhase section */

/* Begin PBXShellScriptBuildPhase section */
		14A75D9A17F50C532F8347C3 /* [CP] Copy Pods Resources */ = {
			isa = PBXShellScriptBuildPhase;
			buildActionMask = 2147483647;
			files = (
			);
			inputFileListPaths = (
			);
			inputPaths = (
				"${PODS_ROOT}/Target Support Files/Pods-ColorfulWoodTools/Pods-ColorfulWoodTools-resources.sh",
				"${PODS_ROOT}/ColorfulWoodNavigationBar/ColorfulWoodNavigationBar/ColorfulWoodNavigationBar/CWNBBundle.bundle",
			);
			name = "[CP] Copy Pods Resources";
			outputFileListPaths = (
			);
			outputPaths = (
				"${TARGET_BUILD_DIR}/${UNLOCALIZED_RESOURCES_FOLDER_PATH}/CWNBBundle.bundle",
			);
			runOnlyForDeploymentPostprocessing = 0;
			shellPath = /bin/sh;
			shellScript = "\"${PODS_ROOT}/Target Support Files/Pods-ColorfulWoodTools/Pods-ColorfulWoodTools-resources.sh\"\n";
			showEnvVarsInLog = 0;
		};
		E5BE35E065AFA1DBF078235A /* [CP] Check Pods Manifest.lock */ = {
			isa = PBXShellScriptBuildPhase;
			buildActionMask = 2147483647;
			files = (
			);
			inputPaths = (
				"${PODS_PODFILE_DIR_PATH}/Podfile.lock",
				"${PODS_ROOT}/Manifest.lock",
			);
			name = "[CP] Check Pods Manifest.lock";
			outputPaths = (
				"$(DERIVED_FILE_DIR)/Pods-ColorfulWoodTools-checkManifestLockResult.txt",
			);
			runOnlyForDeploymentPostprocessing = 0;
			shellPath = /bin/sh;
			shellScript = "diff \"${PODS_PODFILE_DIR_PATH}/Podfile.lock\" \"${PODS_ROOT}/Manifest.lock\" > /dev/null\nif [ $? != 0 ] ; then\n    # print error to STDERR\n    echo \"error: The sandbox is not in sync with the Podfile.lock. Run 'pod install' or update your CocoaPods installation.\" >&2\n    exit 1\nfi\n# This output is used by Xcode 'outputs' to avoid re-running this script phase.\necho \"SUCCESS\" > \"${SCRIPT_OUTPUT_FILE_0}\"\n";
			showEnvVarsInLog = 0;
		};
/* End PBXShellScriptBuildPhase section */

/* Begin PBXSourcesBuildPhase section */
		8B4C326720C7DDE4008B315D /* Sources */ = {
			isa = PBXSourcesBuildPhase;
			buildActionMask = 2147483647;
			files = (
				8B1A86882146701100ED1896 /* UIImage+ColorfulWood.m in Sources */,
				8B4C329420C7DE4C008B315D /* ColorfulWoodSelectPhoto.m in Sources */,
				8B4C327320C7DDE4008B315D /* ViewController.m in Sources */,
				8B4C329620C7DE4C008B315D /* ColorfulWoodAlert.m in Sources */,
				8B1C742121D0CB830042E493 /* CWCellImageBrowser.m in Sources */,
				8B4C327E20C7DDE7008B315D /* main.m in Sources */,
				8B4C329520C7DE4C008B315D /* ColorfulWoodCheckArray.m in Sources */,
				8B4C327020C7DDE4008B315D /* AppDelegate.m in Sources */,
				8B1C741E21D0C6560042E493 /* ColorfulWoodImageBrowser.m in Sources */,
				8B4C329320C7DE4C008B315D /* ColorfulWoodMultiDelegate.m in Sources */,
				8B4F778A212E463600836B74 /* ColorfulWoodPhoneCall.m in Sources */,
			);
			runOnlyForDeploymentPostprocessing = 0;
		};
/* End PBXSourcesBuildPhase section */

/* Begin PBXVariantGroup section */
		8B4C327420C7DDE4008B315D /* Main.storyboard */ = {
			isa = PBXVariantGroup;
			children = (
				8B4C327520C7DDE4008B315D /* Base */,
			);
			name = Main.storyboard;
			sourceTree = "<group>";
		};
		8B4C327920C7DDE7008B315D /* LaunchScreen.storyboard */ = {
			isa = PBXVariantGroup;
			children = (
				8B4C327A20C7DDE7008B315D /* Base */,
			);
			name = LaunchScreen.storyboard;
			sourceTree = "<group>";
		};
/* End PBXVariantGroup section */

/* Begin XCBuildConfiguration section */
		8B4C327F20C7DDE7008B315D /* Debug */ = {
			isa = XCBuildConfiguration;
			buildSettings = {
				ALWAYS_SEARCH_USER_PATHS = NO;
				CLANG_ANALYZER_NONNULL = YES;
				CLANG_ANALYZER_NUMBER_OBJECT_CONVERSION = YES_AGGRESSIVE;
				CLANG_CXX_LANGUAGE_STANDARD = "gnu++14";
				CLANG_CXX_LIBRARY = "libc++";
				CLANG_ENABLE_MODULES = YES;
				CLANG_ENABLE_OBJC_ARC = YES;
				CLANG_ENABLE_OBJC_WEAK = YES;
				CLANG_WARN_BLOCK_CAPTURE_AUTORELEASING = YES;
				CLANG_WARN_BOOL_CONVERSION = YES;
				CLANG_WARN_COMMA = YES;
				CLANG_WARN_CONSTANT_CONVERSION = YES;
				CLANG_WARN_DEPRECATED_OBJC_IMPLEMENTATIONS = YES;
				CLANG_WARN_DIRECT_OBJC_ISA_USAGE = YES_ERROR;
				CLANG_WARN_DOCUMENTATION_COMMENTS = YES;
				CLANG_WARN_EMPTY_BODY = YES;
				CLANG_WARN_ENUM_CONVERSION = YES;
				CLANG_WARN_INFINITE_RECURSION = YES;
				CLANG_WARN_INT_CONVERSION = YES;
				CLANG_WARN_NON_LITERAL_NULL_CONVERSION = YES;
				CLANG_WARN_OBJC_IMPLICIT_RETAIN_SELF = YES;
				CLANG_WARN_OBJC_LITERAL_CONVERSION = YES;
				CLANG_WARN_OBJC_ROOT_CLASS = YES_ERROR;
				CLANG_WARN_RANGE_LOOP_ANALYSIS = YES;
				CLANG_WARN_STRICT_PROTOTYPES = YES;
				CLANG_WARN_SUSPICIOUS_MOVE = YES;
				CLANG_WARN_UNGUARDED_AVAILABILITY = YES_AGGRESSIVE;
				CLANG_WARN_UNREACHABLE_CODE = YES;
				CLANG_WARN__DUPLICATE_METHOD_MATCH = YES;
				CODE_SIGN_IDENTITY = "iPhone Developer";
				COPY_PHASE_STRIP = NO;
				DEBUG_INFORMATION_FORMAT = dwarf;
				ENABLE_STRICT_OBJC_MSGSEND = YES;
				ENABLE_TESTABILITY = YES;
				GCC_C_LANGUAGE_STANDARD = gnu11;
				GCC_DYNAMIC_NO_PIC = NO;
				GCC_NO_COMMON_BLOCKS = YES;
				GCC_OPTIMIZATION_LEVEL = 0;
				GCC_PREPROCESSOR_DEFINITIONS = (
					"DEBUG=1",
					"$(inherited)",
				);
				GCC_WARN_64_TO_32_BIT_CONVERSION = YES;
				GCC_WARN_ABOUT_RETURN_TYPE = YES_ERROR;
				GCC_WARN_UNDECLARED_SELECTOR = YES;
				GCC_WARN_UNINITIALIZED_AUTOS = YES_AGGRESSIVE;
				GCC_WARN_UNUSED_FUNCTION = YES;
				GCC_WARN_UNUSED_VARIABLE = YES;
				IPHONEOS_DEPLOYMENT_TARGET = 11.4;
				MTL_ENABLE_DEBUG_INFO = YES;
				ONLY_ACTIVE_ARCH = YES;
				SDKROOT = iphoneos;
			};
			name = Debug;
		};
		8B4C328020C7DDE7008B315D /* Release */ = {
			isa = XCBuildConfiguration;
			buildSettings = {
				ALWAYS_SEARCH_USER_PATHS = NO;
				CLANG_ANALYZER_NONNULL = YES;
				CLANG_ANALYZER_NUMBER_OBJECT_CONVERSION = YES_AGGRESSIVE;
				CLANG_CXX_LANGUAGE_STANDARD = "gnu++14";
				CLANG_CXX_LIBRARY = "libc++";
				CLANG_ENABLE_MODULES = YES;
				CLANG_ENABLE_OBJC_ARC = YES;
				CLANG_ENABLE_OBJC_WEAK = YES;
				CLANG_WARN_BLOCK_CAPTURE_AUTORELEASING = YES;
				CLANG_WARN_BOOL_CONVERSION = YES;
				CLANG_WARN_COMMA = YES;
				CLANG_WARN_CONSTANT_CONVERSION = YES;
				CLANG_WARN_DEPRECATED_OBJC_IMPLEMENTATIONS = YES;
				CLANG_WARN_DIRECT_OBJC_ISA_USAGE = YES_ERROR;
				CLANG_WARN_DOCUMENTATION_COMMENTS = YES;
				CLANG_WARN_EMPTY_BODY = YES;
				CLANG_WARN_ENUM_CONVERSION = YES;
				CLANG_WARN_INFINITE_RECURSION = YES;
				CLANG_WARN_INT_CONVERSION = YES;
				CLANG_WARN_NON_LITERAL_NULL_CONVERSION = YES;
				CLANG_WARN_OBJC_IMPLICIT_RETAIN_SELF = YES;
				CLANG_WARN_OBJC_LITERAL_CONVERSION = YES;
				CLANG_WARN_OBJC_ROOT_CLASS = YES_ERROR;
				CLANG_WARN_RANGE_LOOP_ANALYSIS = YES;
				CLANG_WARN_STRICT_PROTOTYPES = YES;
				CLANG_WARN_SUSPICIOUS_MOVE = YES;
				CLANG_WARN_UNGUARDED_AVAILABILITY = YES_AGGRESSIVE;
				CLANG_WARN_UNREACHABLE_CODE = YES;
				CLANG_WARN__DUPLICATE_METHOD_MATCH = YES;
				CODE_SIGN_IDENTITY = "iPhone Developer";
				COPY_PHASE_STRIP = NO;
				DEBUG_INFORMATION_FORMAT = "dwarf-with-dsym";
				ENABLE_NS_ASSERTIONS = NO;
				ENABLE_STRICT_OBJC_MSGSEND = YES;
				GCC_C_LANGUAGE_STANDARD = gnu11;
				GCC_NO_COMMON_BLOCKS = YES;
				GCC_WARN_64_TO_32_BIT_CONVERSION = YES;
				GCC_WARN_ABOUT_RETURN_TYPE = YES_ERROR;
				GCC_WARN_UNDECLARED_SELECTOR = YES;
				GCC_WARN_UNINITIALIZED_AUTOS = YES_AGGRESSIVE;
				GCC_WARN_UNUSED_FUNCTION = YES;
				GCC_WARN_UNUSED_VARIABLE = YES;
				IPHONEOS_DEPLOYMENT_TARGET = 11.4;
				MTL_ENABLE_DEBUG_INFO = NO;
				SDKROOT = iphoneos;
				VALIDATE_PRODUCT = YES;
			};
			name = Release;
		};
		8B4C328220C7DDE7008B315D /* Debug */ = {
			isa = XCBuildConfiguration;
			baseConfigurationReference = 122ED877DD7685B15F31BE01 /* Pods-ColorfulWoodTools.debug.xcconfig */;
			buildSettings = {
				ASSETCATALOG_COMPILER_APPICON_NAME = AppIcon;
				CODE_SIGN_STYLE = Automatic;
				DEVELOPMENT_TEAM = 8SN9TJYA97;
				INFOPLIST_FILE = ColorfulWoodTools/Info.plist;
				IPHONEOS_DEPLOYMENT_TARGET = 9.0;
				LD_RUNPATH_SEARCH_PATHS = (
					"$(inherited)",
					"@executable_path/Frameworks",
				);
				PRODUCT_BUNDLE_IDENTIFIER = com.wood.ColorfulWoodTools;
				PRODUCT_NAME = "$(TARGET_NAME)";
				TARGETED_DEVICE_FAMILY = "1,2";
			};
			name = Debug;
		};
		8B4C328320C7DDE7008B315D /* Release */ = {
			isa = XCBuildConfiguration;
			baseConfigurationReference = CC853D718B1160DE83C15410 /* Pods-ColorfulWoodTools.release.xcconfig */;
			buildSettings = {
				ASSETCATALOG_COMPILER_APPICON_NAME = AppIcon;
				CODE_SIGN_STYLE = Automatic;
				DEVELOPMENT_TEAM = 8SN9TJYA97;
				INFOPLIST_FILE = ColorfulWoodTools/Info.plist;
				IPHONEOS_DEPLOYMENT_TARGET = 9.0;
				LD_RUNPATH_SEARCH_PATHS = (
					"$(inherited)",
					"@executable_path/Frameworks",
				);
				PRODUCT_BUNDLE_IDENTIFIER = com.wood.ColorfulWoodTools;
				PRODUCT_NAME = "$(TARGET_NAME)";
				TARGETED_DEVICE_FAMILY = "1,2";
			};
			name = Release;
		};
/* End XCBuildConfiguration section */

/* Begin XCConfigurationList section */
		8B4C326620C7DDE4008B315D /* Build configuration list for PBXProject "ColorfulWoodTools" */ = {
			isa = XCConfigurationList;
			buildConfigurations = (
				8B4C327F20C7DDE7008B315D /* Debug */,
				8B4C328020C7DDE7008B315D /* Release */,
			);
			defaultConfigurationIsVisible = 0;
			defaultConfigurationName = Release;
		};
		8B4C328120C7DDE7008B315D /* Build configuration list for PBXNativeTarget "ColorfulWoodTools" */ = {
			isa = XCConfigurationList;
			buildConfigurations = (
				8B4C328220C7DDE7008B315D /* Debug */,
				8B4C328320C7DDE7008B315D /* Release */,
			);
			defaultConfigurationIsVisible = 0;
			defaultConfigurationName = Release;
		};
/* End XCConfigurationList section */
	};
	rootObject = 8B4C326320C7DDE4008B315D /* Project object */;
}
